<?xml version="1.0" encoding="utf-8"?>
<Project ToolsVersion="4.0" xmlns="http://schemas.microsoft.com/developer/msbuild/2003">
  <ItemGroup>
    <ClCompile Include="assets\fonts\PFonts.cpp" />
    <ClCompile Include="assets\textures\PTextures.cpp" />
    <ClCompile Include="audio\AudioPlayer.cpp" />
    <ClCompile Include="audio\AudioPlaylist.cpp" />
    <ClCompile Include="audio\AudioTrack.cpp" />
    <ClCompile Include="config\PGlobals.cpp" />
    <ClCompile Include="controls\AudioPlayerWidget.cpp" />
    <ClCompile Include="controls\Button.cpp" />
    <ClCompile Include="controls\GridPanel.cpp" />
    <ClCompile Include="controls\GridPanelCell.cpp" />
    <ClCompile Include="controls\GridPanelCellView.cpp" />
    <ClCompile Include="controls\GridPanelRow.cpp" />
    <ClCompile Include="controls\GridPanelRowView.cpp" />
    <ClCompile Include="controls\Image.cpp" />
    <ClCompile Include="controls\ImageButton.cpp" />
    <ClCompile Include="controls\IndexWidget.cpp" />
    <ClCompile Include="controls\Label.cpp" />
    <ClCompile Include="controls\PControl.cpp" />
    <ClCompile Include="controls\PControlContainer.cpp" />
    <ClCompile Include="controls\ProgessBar.cpp" />
    <ClCompile Include="controls\PTexture.cpp" />
    <ClCompile Include="controls\PTextureButton.cpp" />
    <ClCompile Include="controls\PWidget.cpp" />
    <ClCompile Include="controls\SeekBar.cpp" />
    <ClCompile Include="controls\SpectrumVisualizer.cpp" />
    <ClCompile Include="controls\WaveformVisualizer.cpp" />
    <ClCompile Include="image\ImageBackground.cpp" />
    <ClCompile Include="image\ImageCamera.cpp" />
    <ClCompile Include="assets\cursors\PCursors.cpp" />
    <ClCompile Include="io\Event.cpp" />
    <ClCompile Include="io\EventObserver.cpp" />
    <ClCompile Include="io\EventSubscriber.cpp" />
    <ClCompile Include="main\main.cpp" />
    <ClCompile Include="ui\PUI.cpp" />
    <ClCompile Include="util\PUtils.cpp" />
    <ClCompile Include="io\EventManager.cpp" />
    <ClCompile Include="controls\PWindow.cpp" />
    <ClCompile Include="io\FocusManager.cpp" />
    <ClCompile Include="io\WindowManager.cpp" />
    <ClCompile Include="controls\PColorable.cpp" />
    <ClCompile Include="controls\PFadeable.cpp" />
    <ClCompile Include="controls\PModifiers.cpp" />
  </ItemGroup>
  <ItemGroup>
    <ClInclude Include="assets\fonts\PFonts.h" />
    <ClInclude Include="assets\fonts\PFontTypes.h" />
    <ClInclude Include="assets\textures\PTextures.h" />
    <ClInclude Include="assets\textures\PTextureTypes.h" />
    <ClInclude Include="audio\AudioPlayer.h" />
    <ClInclude Include="audio\AudioPlayerStates.h" />
    <ClInclude Include="audio\AudioPlaylist.h" />
    <ClInclude Include="audio\AudioTrack.h" />
    <ClInclude Include="audio\AudioTrackStates.h" />
    <ClInclude Include="config\PGlobals.h" />
    <ClInclude Include="controls\AudioPlayerWidget.h" />
    <ClInclude Include="controls\AudioPlayerWidgetStates.h" />
    <ClInclude Include="controls\Button.h" />
    <ClInclude Include="controls\ButtonStates.h" />
    <ClInclude Include="controls\GridPanelCell.h" />
    <ClInclude Include="controls\GridPanel.h" />
    <ClInclude Include="controls\GridPanelCellView.h" />
    <ClInclude Include="controls\GridPanelRow.h" />
    <ClInclude Include="controls\GridPanelRowView.h" />
    <ClInclude Include="controls\Image.h" />
    <ClInclude Include="controls\ImageButton.h" />
    <ClInclude Include="controls\Label.h" />
    <ClInclude Include="controls\LabelStates.h" />
    <ClInclude Include="controls\PControl.h" />
    <ClInclude Include="controls\IndexWidget.h" />
    <ClInclude Include="controls\PControlContainer.h" />
    <ClInclude Include="controls\PControlContainerStates.h" />
    <ClInclude Include="controls\ProgressBar.h" />
    <ClInclude Include="controls\PTexture.h" />
    <ClInclude Include="controls\PTextureButton.h" />
    <ClInclude Include="controls\PWidget.h" />
    <ClInclude Include="controls\PWidgetStates.h" />
    <ClInclude Include="controls\SeekBar.h" />
    <ClInclude Include="controls\SpectrumVisualizer.h" />
    <ClInclude Include="controls\WaveformVisualizer.h" />
    <ClInclude Include="image\ImageBackground.h" />
    <ClInclude Include="image\ImageBackgroundStates.h" />
    <ClInclude Include="image\ImageCameraStates.h" />
    <ClInclude Include="image\ImageCamera.h" />
    <ClInclude Include="assets\cursors\PCursors.h" />
    <ClInclude Include="io\Event.h" />
    <ClInclude Include="io\EventObserver.h" />
    <ClInclude Include="io\EventSubscriber.h" />
    <ClInclude Include="ui\PUI.h" />
    <ClInclude Include="util\PUtils.h" />
    <ClInclude Include="io\EventManager.h" />
    <ClInclude Include="controls\PWindow.h" />
    <ClInclude Include="io\FocusManager.h" />
    <ClInclude Include="io\WindowManager.h" />
    <ClInclude Include="controls\PColorable.h" />
    <ClInclude Include="controls\PFadeable.h" />
    <ClInclude Include="controls\PModifiers.h" />
    <ClInclude Include="general\Cloneable.h" />
  </ItemGroup>
</Project>